
Microsoft Visual Studio Solution File, Format Version 12.00
# Visual Studio Version 16
VisualStudioVersion = 16.0.31205.134
MinimumVisualStudioVersion = 10.0.40219.1
Project("{FAE04EC0-301F-11D3-BF4B-00C04F79EFBC}") = "jenkinwebapp", "jenkinwebapp\jenkinwebapp.csproj", "{FD24174E-AF51-4E2E-B7BE-9DC7A03A460B}"
EndProject
Global
	GlobalSection(SolutionConfigurationPlatforms) = preSolution
		Debug|Any CPU = Debug|Any CPU
		Release|Any CPU = Release|Any CPU
	EndGlobalSection
	GlobalSection(ProjectConfigurationPlatforms) = postSolution
		{FD24174E-AF51-4E2E-B7BE-9DC7A03A460B}.Debug|Any CPU.ActiveCfg = Debug|Any CPU
		{FD24174E-AF51-4E2E-B7BE-9DC7A03A460B}.Debug|Any CPU.Build.0 = Debug|Any CPU
		{FD24174E-AF51-4E2E-B7BE-9DC7A03A460B}.Release|Any CPU.ActiveCfg = Release|Any CPU
		{FD24174E-AF51-4E2E-B7BE-9DC7A03A460B}.Release|Any CPU.Build.0 = Release|Any CPU
	EndGlobalSection
	GlobalSection(SolutionProperties) = preSolution
		HideSolutionNode = FALSE
	EndGlobalSection
	GlobalSection(ExtensibilityGlobals) = postSolution
		SolutionGuid = {41CDCED2-39D0-4661-B381-F8789B070606}
	EndGlobalSection
EndGlobal
